
Microsoft Visual Studio Solution File, Format Version 12.00
# Visual Studio Version 17
VisualStudioVersion = 17.8.34525.116
MinimumVisualStudioVersion = 10.0.40219.1
Project("{FAE04EC0-301F-11D3-BF4B-00C04F79EFBC}") = "Hotel", "Hotel\Hotel.csproj", "{A15C7249-A5E5-4D8D-A8FD-A67487A86A3E}"
EndProject
Global
	GlobalSection(SolutionConfigurationPlatforms) = preSolution
		Debug|Any CPU = Debug|Any CPU
		Release|Any CPU = Release|Any CPU
	EndGlobalSection
	GlobalSection(ProjectConfigurationPlatforms) = postSolution
		{A15C7249-A5E5-4D8D-A8FD-A67487A86A3E}.Debug|Any CPU.ActiveCfg = Debug|Any CPU
		{A15C7249-A5E5-4D8D-A8FD-A67487A86A3E}.Debug|Any CPU.Build.0 = Debug|Any CPU
		{A15C7249-A5E5-4D8D-A8FD-A67487A86A3E}.Release|Any CPU.ActiveCfg = Release|Any CPU
		{A15C7249-A5E5-4D8D-A8FD-A67487A86A3E}.Release|Any CPU.Build.0 = Release|Any CPU
	EndGlobalSection
	GlobalSection(SolutionProperties) = preSolution
		HideSolutionNode = FALSE
	EndGlobalSection
	GlobalSection(ExtensibilityGlobals) = postSolution
		SolutionGuid = {612314E3-DDA1-452A-950B-54DB0068D11E}
	EndGlobalSection
EndGlobal
